
Microsoft Visual Studio Solution File, Format Version 12.00
Project("{FAE04EC0-301F-11D3-BF4B-00C04F79EFBC}") = "StraviaMongoAPI", "StraviaMongoAPI\StraviaMongoAPI.csproj", "{4257E9B7-0A6E-4CED-B0B4-2581BD3CD419}"
EndProject
Global
	GlobalSection(SolutionConfigurationPlatforms) = preSolution
		Debug|Any CPU = Debug|Any CPU
		Release|Any CPU = Release|Any CPU
	EndGlobalSection
	GlobalSection(ProjectConfigurationPlatforms) = postSolution
		{4257E9B7-0A6E-4CED-B0B4-2581BD3CD419}.Debug|Any CPU.ActiveCfg = Debug|Any CPU
		{4257E9B7-0A6E-4CED-B0B4-2581BD3CD419}.Debug|Any CPU.Build.0 = Debug|Any CPU
		{4257E9B7-0A6E-4CED-B0B4-2581BD3CD419}.Release|Any CPU.ActiveCfg = Release|Any CPU
		{4257E9B7-0A6E-4CED-B0B4-2581BD3CD419}.Release|Any CPU.Build.0 = Release|Any CPU
	EndGlobalSection
EndGlobal
